
Microsoft Visual Studio Solution File, Format Version 12.00
# Visual Studio Version 18
VisualStudioVersion = 18.3.11527.330 d18.3
MinimumVisualStudioVersion = 10.0.40219.1
Project("{FAE04EC0-301F-11D3-BF4B-00C04F79EFBC}") = "LatticeGeneratorTool", "LatticeGeneratorTool.csproj", "{1044AD45-6D17-4094-B139-C34E66251819}"
EndProject
Global
	GlobalSection(SolutionConfigurationPlatforms) = preSolution
		Debug|x64 = Debug|x64
		Release|x64 = Release|x64
	EndGlobalSection
	GlobalSection(ProjectConfigurationPlatforms) = postSolution
		{1044AD45-6D17-4094-B139-C34E66251819}.Debug|x64.ActiveCfg = Debug|x64
		{1044AD45-6D17-4094-B139-C34E66251819}.Debug|x64.Build.0 = Debug|x64
		{1044AD45-6D17-4094-B139-C34E66251819}.Release|x64.ActiveCfg = Release|x64
		{1044AD45-6D17-4094-B139-C34E66251819}.Release|x64.Build.0 = Release|x64
	EndGlobalSection
	GlobalSection(SolutionProperties) = preSolution
		HideSolutionNode = FALSE
	EndGlobalSection
	GlobalSection(ExtensibilityGlobals) = postSolution
		SolutionGuid = {B8551AD6-04C1-4CF2-AAC0-62F4B2E22195}
	EndGlobalSection
EndGlobal
